
Microsoft Visual Studio Solution File, Format Version 12.00
# Visual Studio 15
VisualStudioVersion = 15.0.28010.2041
MinimumVisualStudioVersion = 10.0.40219.1
Project("{FAE04EC0-301F-11D3-BF4B-00C04F79EFBC}") = "NewsIO", "NewsIO\NewsIO.csproj", "{C5E270D2-F4DF-483D-AE4D-761E68D75356}"
EndProject
Global
	GlobalSection(SolutionConfigurationPlatforms) = preSolution
		Debug|Any CPU = Debug|Any CPU
		Release|Any CPU = Release|Any CPU
	EndGlobalSection
	GlobalSection(ProjectConfigurationPlatforms) = postSolution
		{C5E270D2-F4DF-483D-AE4D-761E68D75356}.Debug|Any CPU.ActiveCfg = Debug|Any CPU
		{C5E270D2-F4DF-483D-AE4D-761E68D75356}.Debug|Any CPU.Build.0 = Debug|Any CPU
		{C5E270D2-F4DF-483D-AE4D-761E68D75356}.Release|Any CPU.ActiveCfg = Release|Any CPU
		{C5E270D2-F4DF-483D-AE4D-761E68D75356}.Release|Any CPU.Build.0 = Release|Any CPU
	EndGlobalSection
	GlobalSection(SolutionProperties) = preSolution
		HideSolutionNode = FALSE
	EndGlobalSection
	GlobalSection(ExtensibilityGlobals) = postSolution
		SolutionGuid = {F2AF78CB-4764-41C9-B318-2DE426A50D06}
	EndGlobalSection
EndGlobal
