
Microsoft Visual Studio Solution File, Format Version 12.00
# Visual Studio 15
VisualStudioVersion = 15.0.28010.2041
MinimumVisualStudioVersion = 10.0.40219.1
Project("{9A19103F-16F7-4668-BE54-9A1E7A4F7556}") = "NewsIO.Data", "NewsIO.Data\NewsIO.Data.csproj", "{B62F43F3-D0E0-48C1-A458-AA3D74716FA7}"
EndProject
Project("{9A19103F-16F7-4668-BE54-9A1E7A4F7556}") = "NewsIO.Services", "NewsIO.Services\NewsIO.Services.csproj", "{F71E43B8-638A-4D0E-975F-9E6C8AC52FE2}"
EndProject
Project("{9A19103F-16F7-4668-BE54-9A1E7A4F7556}") = "NewsIO.Api", "NewsIO.Api\NewsIO.Api.csproj", "{91B040D1-E29A-443A-A6B6-0F289E9ACD9B}"
EndProject
Project("{9A19103F-16F7-4668-BE54-9A1E7A4F7556}") = "NewsIO.WebApp", "NewsIO.WebApp\NewsIO.WebApp.csproj", "{64C534EA-E098-404D-9414-4179C46E4038}"
EndProject
Project("{FAE04EC0-301F-11D3-BF4B-00C04F79EFBC}") = "NewsIO.Client", "NewsIO.Client\NewsIO.Client.csproj", "{3F4412B6-4D81-4A06-9157-9A0927F70E50}"
EndProject
Global
	GlobalSection(SolutionConfigurationPlatforms) = preSolution
		Debug|Any CPU = Debug|Any CPU
		Release|Any CPU = Release|Any CPU
	EndGlobalSection
	GlobalSection(ProjectConfigurationPlatforms) = postSolution
		{B62F43F3-D0E0-48C1-A458-AA3D74716FA7}.Debug|Any CPU.ActiveCfg = Debug|Any CPU
		{B62F43F3-D0E0-48C1-A458-AA3D74716FA7}.Debug|Any CPU.Build.0 = Debug|Any CPU
		{B62F43F3-D0E0-48C1-A458-AA3D74716FA7}.Release|Any CPU.ActiveCfg = Release|Any CPU
		{B62F43F3-D0E0-48C1-A458-AA3D74716FA7}.Release|Any CPU.Build.0 = Release|Any CPU
		{F71E43B8-638A-4D0E-975F-9E6C8AC52FE2}.Debug|Any CPU.ActiveCfg = Debug|Any CPU
		{F71E43B8-638A-4D0E-975F-9E6C8AC52FE2}.Debug|Any CPU.Build.0 = Debug|Any CPU
		{F71E43B8-638A-4D0E-975F-9E6C8AC52FE2}.Release|Any CPU.ActiveCfg = Release|Any CPU
		{F71E43B8-638A-4D0E-975F-9E6C8AC52FE2}.Release|Any CPU.Build.0 = Release|Any CPU
		{91B040D1-E29A-443A-A6B6-0F289E9ACD9B}.Debug|Any CPU.ActiveCfg = Debug|Any CPU
		{91B040D1-E29A-443A-A6B6-0F289E9ACD9B}.Debug|Any CPU.Build.0 = Debug|Any CPU
		{91B040D1-E29A-443A-A6B6-0F289E9ACD9B}.Release|Any CPU.ActiveCfg = Release|Any CPU
		{91B040D1-E29A-443A-A6B6-0F289E9ACD9B}.Release|Any CPU.Build.0 = Release|Any CPU
		{64C534EA-E098-404D-9414-4179C46E4038}.Debug|Any CPU.ActiveCfg = Debug|Any CPU
		{64C534EA-E098-404D-9414-4179C46E4038}.Debug|Any CPU.Build.0 = Debug|Any CPU
		{64C534EA-E098-404D-9414-4179C46E4038}.Release|Any CPU.ActiveCfg = Release|Any CPU
		{64C534EA-E098-404D-9414-4179C46E4038}.Release|Any CPU.Build.0 = Release|Any CPU
		{3F4412B6-4D81-4A06-9157-9A0927F70E50}.Debug|Any CPU.ActiveCfg = Debug|Any CPU
		{3F4412B6-4D81-4A06-9157-9A0927F70E50}.Debug|Any CPU.Build.0 = Debug|Any CPU
		{3F4412B6-4D81-4A06-9157-9A0927F70E50}.Release|Any CPU.ActiveCfg = Release|Any CPU
		{3F4412B6-4D81-4A06-9157-9A0927F70E50}.Release|Any CPU.Build.0 = Release|Any CPU
	EndGlobalSection
	GlobalSection(SolutionProperties) = preSolution
		HideSolutionNode = FALSE
	EndGlobalSection
	GlobalSection(ExtensibilityGlobals) = postSolution
		SolutionGuid = {7128A1CE-3A91-4398-921F-D2ABA3585893}
	EndGlobalSection
EndGlobal
